
Microsoft Visual Studio Solution File, Format Version 12.00
# Visual Studio Version 17
VisualStudioVersion = 17.9.34902.65
MinimumVisualStudioVersion = 10.0.40219.1
Project("{FAE04EC0-301F-11D3-BF4B-00C04F79EFBC}") = "Interfaces", "Interfaces\Interfaces.csproj", "{A5A41242-6E31-447F-955D-A0114FB314A6}"
EndProject
Global
	GlobalSection(SolutionConfigurationPlatforms) = preSolution
		Debug|Any CPU = Debug|Any CPU
		Release|Any CPU = Release|Any CPU
	EndGlobalSection
	GlobalSection(ProjectConfigurationPlatforms) = postSolution
		{A5A41242-6E31-447F-955D-A0114FB314A6}.Debug|Any CPU.ActiveCfg = Debug|Any CPU
		{A5A41242-6E31-447F-955D-A0114FB314A6}.Debug|Any CPU.Build.0 = Debug|Any CPU
		{A5A41242-6E31-447F-955D-A0114FB314A6}.Release|Any CPU.ActiveCfg = Release|Any CPU
		{A5A41242-6E31-447F-955D-A0114FB314A6}.Release|Any CPU.Build.0 = Release|Any CPU
	EndGlobalSection
	GlobalSection(SolutionProperties) = preSolution
		HideSolutionNode = FALSE
	EndGlobalSection
	GlobalSection(ExtensibilityGlobals) = postSolution
		SolutionGuid = {C1A39308-CEED-44D0-A8EE-4F7460B90DBB}
	EndGlobalSection
EndGlobal
